{
  "object": {
    "pins": [
      {
        "package": "Facebook",
        "repositoryURL": "https://github.com/facebook/facebook-ios-sdk",
        "state": {
          "branch": null,
          "revision": "9914ac5c02132f51820144a2aad0e8d1a2055c17",
          "version": "13.1.0"
        }
      }
    ]
  },
  "version": 1
}
